
Microsoft Visual Studio Solution File, Format Version 12.00
# Visual Studio Version 18
VisualStudioVersion = 18.0.11205.157 d18.0
MinimumVisualStudioVersion = 10.0.40219.1
Project("{FAE04EC0-301F-11D3-BF4B-00C04F79EFBC}") = "HockeyDJ", "HockeyDJ.csproj", "{44289FA1-3A81-39F4-D553-07E2F9B52620}"
EndProject
Global
	GlobalSection(SolutionConfigurationPlatforms) = preSolution
		Debug|Any CPU = Debug|Any CPU
		Release|Any CPU = Release|Any CPU
	EndGlobalSection
	GlobalSection(ProjectConfigurationPlatforms) = postSolution
		{44289FA1-3A81-39F4-D553-07E2F9B52620}.Debug|Any CPU.ActiveCfg = Debug|Any CPU
		{44289FA1-3A81-39F4-D553-07E2F9B52620}.Debug|Any CPU.Build.0 = Debug|Any CPU
		{44289FA1-3A81-39F4-D553-07E2F9B52620}.Release|Any CPU.ActiveCfg = Release|Any CPU
		{44289FA1-3A81-39F4-D553-07E2F9B52620}.Release|Any CPU.Build.0 = Release|Any CPU
	EndGlobalSection
	GlobalSection(SolutionProperties) = preSolution
		HideSolutionNode = FALSE
	EndGlobalSection
	GlobalSection(ExtensibilityGlobals) = postSolution
		SolutionGuid = {7F8E4716-7AEF-4DF6-B011-4008155CE329}
	EndGlobalSection
EndGlobal
